
Microsoft Visual Studio Solution File, Format Version 12.00
# Visual Studio Version 16
VisualStudioVersion = 16.0.29920.165
MinimumVisualStudioVersion = 10.0.40219.1
Project("{FAE04EC0-301F-11D3-BF4B-00C04F79EFBC}") = "JSCrop", "JSCrop\JSCrop.csproj", "{2B38609B-0324-4423-8FF6-849949A02A7A}"
EndProject
Global
	GlobalSection(SolutionConfigurationPlatforms) = preSolution
		Debug|Any CPU = Debug|Any CPU
		Release|Any CPU = Release|Any CPU
	EndGlobalSection
	GlobalSection(ProjectConfigurationPlatforms) = postSolution
		{2B38609B-0324-4423-8FF6-849949A02A7A}.Debug|Any CPU.ActiveCfg = Debug|Any CPU
		{2B38609B-0324-4423-8FF6-849949A02A7A}.Debug|Any CPU.Build.0 = Debug|Any CPU
		{2B38609B-0324-4423-8FF6-849949A02A7A}.Release|Any CPU.ActiveCfg = Release|Any CPU
		{2B38609B-0324-4423-8FF6-849949A02A7A}.Release|Any CPU.Build.0 = Release|Any CPU
	EndGlobalSection
	GlobalSection(SolutionProperties) = preSolution
		HideSolutionNode = FALSE
	EndGlobalSection
	GlobalSection(ExtensibilityGlobals) = postSolution
		SolutionGuid = {5107FBE9-B4DF-4E4F-AECA-34385723E817}
	EndGlobalSection
EndGlobal
